
Microsoft Visual Studio Solution File, Format Version 12.00
# Visual Studio Version 16
VisualStudioVersion = 16.0.29920.165
MinimumVisualStudioVersion = 10.0.40219.1
Project("{FAE04EC0-301F-11D3-BF4B-00C04F79EFBC}") = "MilitaryAcademyDatabase", "MilitaryAcademyDatabase\MilitaryAcademyDatabase.csproj", "{A6BFF9AD-F125-4DBF-AF75-D6D9CA70BBF2}"
EndProject
Global
	GlobalSection(SolutionConfigurationPlatforms) = preSolution
		Debug|Any CPU = Debug|Any CPU
		Release|Any CPU = Release|Any CPU
	EndGlobalSection
	GlobalSection(ProjectConfigurationPlatforms) = postSolution
		{A6BFF9AD-F125-4DBF-AF75-D6D9CA70BBF2}.Debug|Any CPU.ActiveCfg = Debug|Any CPU
		{A6BFF9AD-F125-4DBF-AF75-D6D9CA70BBF2}.Debug|Any CPU.Build.0 = Debug|Any CPU
		{A6BFF9AD-F125-4DBF-AF75-D6D9CA70BBF2}.Release|Any CPU.ActiveCfg = Release|Any CPU
		{A6BFF9AD-F125-4DBF-AF75-D6D9CA70BBF2}.Release|Any CPU.Build.0 = Release|Any CPU
	EndGlobalSection
	GlobalSection(SolutionProperties) = preSolution
		HideSolutionNode = FALSE
	EndGlobalSection
	GlobalSection(ExtensibilityGlobals) = postSolution
		SolutionGuid = {64EAEA2A-B776-4802-A1A6-805BD897638F}
	EndGlobalSection
EndGlobal
